
Microsoft Visual Studio Solution File, Format Version 12.00
# Visual Studio Version 17
VisualStudioVersion = 17.14.36511.14 d17.14
MinimumVisualStudioVersion = 10.0.40219.1
Project("{FAE04EC0-301F-11D3-BF4B-00C04F79EFBC}") = "YumBlazor", "YumBlazor\YumBlazor.csproj", "{FE60DF78-6261-4B83-BB7D-DF022CC78763}"
EndProject
Global
	GlobalSection(SolutionConfigurationPlatforms) = preSolution
		Debug|Any CPU = Debug|Any CPU
		Release|Any CPU = Release|Any CPU
	EndGlobalSection
	GlobalSection(ProjectConfigurationPlatforms) = postSolution
		{FE60DF78-6261-4B83-BB7D-DF022CC78763}.Debug|Any CPU.ActiveCfg = Debug|Any CPU
		{FE60DF78-6261-4B83-BB7D-DF022CC78763}.Debug|Any CPU.Build.0 = Debug|Any CPU
		{FE60DF78-6261-4B83-BB7D-DF022CC78763}.Release|Any CPU.ActiveCfg = Release|Any CPU
		{FE60DF78-6261-4B83-BB7D-DF022CC78763}.Release|Any CPU.Build.0 = Release|Any CPU
	EndGlobalSection
	GlobalSection(SolutionProperties) = preSolution
		HideSolutionNode = FALSE
	EndGlobalSection
	GlobalSection(ExtensibilityGlobals) = postSolution
		SolutionGuid = {4FF317E2-A2F5-41D9-A8C5-698FDF35348D}
	EndGlobalSection
EndGlobal
